
Microsoft Visual Studio Solution File, Format Version 12.00
# Visual Studio 14
VisualStudioVersion = 14.0.24720.0
MinimumVisualStudioVersion = 10.0.40219.1
Project("{FAE04EC0-301F-11D3-BF4B-00C04F79EFBC}") = "LeposWPF", "LeposWPF\LeposWPF.csproj", "{808BAC07-5FFF-45F8-A707-F49E48D07B28}"
EndProject
Project("{54435603-DBB4-11D2-8724-00A0C9A8B90C}") = "LEPOS_SETUP", "LEPOS_SETUP\LEPOS_SETUP.vdproj", "{20E46DFC-AFBE-4984-A6CE-3916D05DFF44}"
EndProject
Global
	GlobalSection(SolutionConfigurationPlatforms) = preSolution
		Debug|Any CPU = Debug|Any CPU
		Release|Any CPU = Release|Any CPU
	EndGlobalSection
	GlobalSection(ProjectConfigurationPlatforms) = postSolution
		{808BAC07-5FFF-45F8-A707-F49E48D07B28}.Debug|Any CPU.ActiveCfg = Debug|Any CPU
		{808BAC07-5FFF-45F8-A707-F49E48D07B28}.Debug|Any CPU.Build.0 = Debug|Any CPU
		{808BAC07-5FFF-45F8-A707-F49E48D07B28}.Release|Any CPU.ActiveCfg = Release|Any CPU
		{808BAC07-5FFF-45F8-A707-F49E48D07B28}.Release|Any CPU.Build.0 = Release|Any CPU
		{20E46DFC-AFBE-4984-A6CE-3916D05DFF44}.Debug|Any CPU.ActiveCfg = Debug
		{20E46DFC-AFBE-4984-A6CE-3916D05DFF44}.Release|Any CPU.ActiveCfg = Release
	EndGlobalSection
	GlobalSection(SolutionProperties) = preSolution
		HideSolutionNode = FALSE
	EndGlobalSection
EndGlobal
